// !$*UTF8*$!
{
	archiveVersion = 1;
	classes = {
	};
	objectVersion = 56;
	objects = {

/* Begin PBXBuildFile section */
		BD0119D42B935F5A00B07C8E /* Launch Screen.storyboard in Resources */ = {isa = PBXBuildFile; fileRef = BD0119D32B935F5A00B07C8E /* Launch Screen.storyboard */; };
		BD7E06772B8E33820088B107 /* AnimeDatabaseApp.swift in Sources */ = {isa = PBXBuildFile; fileRef = BD7E06762B8E33820088B107 /* AnimeDatabaseApp.swift */; };
		BD7E06792B8E33820088B107 /* MainMenu.swift in Sources */ = {isa = PBXBuildFile; fileRef = BD7E06782B8E33820088B107 /* MainMenu.swift */; };
		BD7E067B2B8E33850088B107 /* Assets.xcassets in Resources */ = {isa = PBXBuildFile; fileRef = BD7E067A2B8E33850088B107 /* Assets.xcassets */; };
		BD7E067E2B8E33850088B107 /* Preview Assets.xcassets in Resources */ = {isa = PBXBuildFile; fileRef = BD7E067D2B8E33850088B107 /* Preview Assets.xcassets */; };
		BD7E06852B8E34240088B107 /* ADData.swift in Sources */ = {isa = PBXBuildFile; fileRef = BD7E06842B8E34240088B107 /* ADData.swift */; };
		BD7E06882B8E350A0088B107 /* List.swift in Sources */ = {isa = PBXBuildFile; fileRef = BD7E06872B8E350A0088B107 /* List.swift */; };
		BD7E068F2B8E50FD0088B107 /* PDFViewer.swift in Sources */ = {isa = PBXBuildFile; fileRef = BD7E068E2B8E50FD0088B107 /* PDFViewer.swift */; };
		BDF30BF72B8F9853007919EB /* VideoPlayerView.swift in Sources */ = {isa = PBXBuildFile; fileRef = BDF30BF62B8F9853007919EB /* VideoPlayerView.swift */; };
		BDF30BF92B8FADD6007919EB /* ZipMangaViewer.swift in Sources */ = {isa = PBXBuildFile; fileRef = BDF30BF82B8FADD6007919EB /* ZipMangaViewer.swift */; };
		BDF30BFF2B8FB1DE007919EB /* Zip in Frameworks */ = {isa = PBXBuildFile; productRef = BDF30BFE2B8FB1DE007919EB /* Zip */; };
		BDF30C012B90C589007919EB /* Test.swift in Sources */ = {isa = PBXBuildFile; fileRef = BDF30C002B90C589007919EB /* Test.swift */; };
/* End PBXBuildFile section */

/* Begin PBXFileReference section */
		BD0119D32B935F5A00B07C8E /* Launch Screen.storyboard */ = {isa = PBXFileReference; lastKnownFileType = file.storyboard; path = "Launch Screen.storyboard"; sourceTree = "<group>"; };
		BD7E06732B8E33820088B107 /* AnimeDatabase.app */ = {isa = PBXFileReference; explicitFileType = wrapper.application; includeInIndex = 0; path = AnimeDatabase.app; sourceTree = BUILT_PRODUCTS_DIR; };
		BD7E06762B8E33820088B107 /* AnimeDatabaseApp.swift */ = {isa = PBXFileReference; lastKnownFileType = sourcecode.swift; path = AnimeDatabaseApp.swift; sourceTree = "<group>"; };
		BD7E06782B8E33820088B107 /* MainMenu.swift */ = {isa = PBXFileReference; lastKnownFileType = sourcecode.swift; path = MainMenu.swift; sourceTree = "<group>"; };
		BD7E067A2B8E33850088B107 /* Assets.xcassets */ = {isa = PBXFileReference; lastKnownFileType = folder.assetcatalog; path = Assets.xcassets; sourceTree = "<group>"; };
		BD7E067D2B8E33850088B107 /* Preview Assets.xcassets */ = {isa = PBXFileReference; lastKnownFileType = folder.assetcatalog; path = "Preview Assets.xcassets"; sourceTree = "<group>"; };
		BD7E06842B8E34240088B107 /* ADData.swift */ = {isa = PBXFileReference; lastKnownFileType = sourcecode.swift; path = ADData.swift; sourceTree = "<group>"; };
		BD7E06872B8E350A0088B107 /* List.swift */ = {isa = PBXFileReference; lastKnownFileType = sourcecode.swift; path = List.swift; sourceTree = "<group>"; };
		BD7E068B2B8E3A600088B107 /* Info.plist */ = {isa = PBXFileReference; lastKnownFileType = text.plist; path = Info.plist; sourceTree = "<group>"; };
		BD7E068E2B8E50FD0088B107 /* PDFViewer.swift */ = {isa = PBXFileReference; lastKnownFileType = sourcecode.swift; path = PDFViewer.swift; sourceTree = "<group>"; };
		BDF30BF62B8F9853007919EB /* VideoPlayerView.swift */ = {isa = PBXFileReference; lastKnownFileType = sourcecode.swift; path = VideoPlayerView.swift; sourceTree = "<group>"; };
		BDF30BF82B8FADD6007919EB /* ZipMangaViewer.swift */ = {isa = PBXFileReference; lastKnownFileType = sourcecode.swift; path = ZipMangaViewer.swift; sourceTree = "<group>"; };
		BDF30C002B90C589007919EB /* Test.swift */ = {isa = PBXFileReference; lastKnownFileType = sourcecode.swift; path = Test.swift; sourceTree = "<group>"; };
/* End PBXFileReference section */

/* Begin PBXFrameworksBuildPhase section */
		BD7E06702B8E33820088B107 /* Frameworks */ = {
			isa = PBXFrameworksBuildPhase;
			buildActionMask = 2147483647;
			files = (
				BDF30BFF2B8FB1DE007919EB /* Zip in Frameworks */,
			);
			runOnlyForDeploymentPostprocessing = 0;
		};
/* End PBXFrameworksBuildPhase section */

/* Begin PBXGroup section */
		BD7E066A2B8E33810088B107 = {
			isa = PBXGroup;
			children = (
				BD7E06752B8E33820088B107 /* AnimeDatabase */,
				BD7E06742B8E33820088B107 /* Products */,
			);
			sourceTree = "<group>";
		};
		BD7E06742B8E33820088B107 /* Products */ = {
			isa = PBXGroup;
			children = (
				BD7E06732B8E33820088B107 /* AnimeDatabase.app */,
			);
			name = Products;
			sourceTree = "<group>";
		};
		BD7E06752B8E33820088B107 /* AnimeDatabase */ = {
			isa = PBXGroup;
			children = (
				BD7E068E2B8E50FD0088B107 /* PDFViewer.swift */,
				BD7E068B2B8E3A600088B107 /* Info.plist */,
				BD7E06762B8E33820088B107 /* AnimeDatabaseApp.swift */,
				BD0119D32B935F5A00B07C8E /* Launch Screen.storyboard */,
				BD7E06782B8E33820088B107 /* MainMenu.swift */,
				BD7E06872B8E350A0088B107 /* List.swift */,
				BD7E067A2B8E33850088B107 /* Assets.xcassets */,
				BD7E06842B8E34240088B107 /* ADData.swift */,
				BDF30BF82B8FADD6007919EB /* ZipMangaViewer.swift */,
				BDF30BF62B8F9853007919EB /* VideoPlayerView.swift */,
				BDF30C002B90C589007919EB /* Test.swift */,
				BD7E067C2B8E33850088B107 /* Preview Content */,
			);
			path = AnimeDatabase;
			sourceTree = "<group>";
		};
		BD7E067C2B8E33850088B107 /* Preview Content */ = {
			isa = PBXGroup;
			children = (
				BD7E067D2B8E33850088B107 /* Preview Assets.xcassets */,
			);
			path = "Preview Content";
			sourceTree = "<group>";
		};
/* End PBXGroup section */

/* Begin PBXNativeTarget section */
		BD7E06722B8E33820088B107 /* AnimeDatabase */ = {
			isa = PBXNativeTarget;
			buildConfigurationList = BD7E06812B8E33850088B107 /* Build configuration list for PBXNativeTarget "AnimeDatabase" */;
			buildPhases = (
				BD7E066F2B8E33820088B107 /* Sources */,
				BD7E06702B8E33820088B107 /* Frameworks */,
				BD7E06712B8E33820088B107 /* Resources */,
			);
			buildRules = (
			);
			dependencies = (
			);
			name = AnimeDatabase;
			packageProductDependencies = (
				BDF30BFE2B8FB1DE007919EB /* Zip */,
			);
			productName = AnimeDatabase;
			productReference = BD7E06732B8E33820088B107 /* AnimeDatabase.app */;
			productType = "com.apple.product-type.application";
		};
/* End PBXNativeTarget section */

/* Begin PBXProject section */
		BD7E066B2B8E33810088B107 /* Project object */ = {
			isa = PBXProject;
			attributes = {
				BuildIndependentTargetsInParallel = 1;
				LastSwiftUpdateCheck = 1520;
				LastUpgradeCheck = 1520;
				TargetAttributes = {
					BD7E06722B8E33820088B107 = {
						CreatedOnToolsVersion = 15.2;
					};
				};
			};
			buildConfigurationList = BD7E066E2B8E33810088B107 /* Build configuration list for PBXProject "AnimeDatabase" */;
			compatibilityVersion = "Xcode 14.0";
			developmentRegion = en;
			hasScannedForEncodings = 0;
			knownRegions = (
				en,
				Base,
			);
			mainGroup = BD7E066A2B8E33810088B107;
			packageReferences = (
				BDF30BFD2B8FB1DE007919EB /* XCRemoteSwiftPackageReference "Zip" */,
			);
			productRefGroup = BD7E06742B8E33820088B107 /* Products */;
			projectDirPath = "";
			projectRoot = "";
			targets = (
				BD7E06722B8E33820088B107 /* AnimeDatabase */,
			);
		};
/* End PBXProject section */

/* Begin PBXResourcesBuildPhase section */
		BD7E06712B8E33820088B107 /* Resources */ = {
			isa = PBXResourcesBuildPhase;
			buildActionMask = 2147483647;
			files = (
				BD0119D42B935F5A00B07C8E /* Launch Screen.storyboard in Resources */,
				BD7E067E2B8E33850088B107 /* Preview Assets.xcassets in Resources */,
				BD7E067B2B8E33850088B107 /* Assets.xcassets in Resources */,
			);
			runOnlyForDeploymentPostprocessing = 0;
		};
/* End PBXResourcesBuildPhase section */

/* Begin PBXSourcesBuildPhase section */
		BD7E066F2B8E33820088B107 /* Sources */ = {
			isa = PBXSourcesBuildPhase;
			buildActionMask = 2147483647;
			files = (
				BD7E06792B8E33820088B107 /* MainMenu.swift in Sources */,
				BD7E06772B8E33820088B107 /* AnimeDatabaseApp.swift in Sources */,
				BDF30BF92B8FADD6007919EB /* ZipMangaViewer.swift in Sources */,
				BD7E06882B8E350A0088B107 /* List.swift in Sources */,
				BD7E068F2B8E50FD0088B107 /* PDFViewer.swift in Sources */,
				BDF30C012B90C589007919EB /* Test.swift in Sources */,
				BD7E06852B8E34240088B107 /* ADData.swift in Sources */,
				BDF30BF72B8F9853007919EB /* VideoPlayerView.swift in Sources */,
			);
			runOnlyForDeploymentPostprocessing = 0;
		};
/* End PBXSourcesBuildPhase section */

/* Begin XCBuildConfiguration section */
		BD7E067F2B8E33850088B107 /* Debug */ = {
			isa = XCBuildConfiguration;
			buildSettings = {
				ALWAYS_SEARCH_USER_PATHS = NO;
				ASSETCATALOG_COMPILER_GENERATE_SWIFT_ASSET_SYMBOL_EXTENSIONS = YES;
				CLANG_ANALYZER_NONNULL = YES;
				CLANG_ANALYZER_NUMBER_OBJECT_CONVERSION = YES_AGGRESSIVE;
				CLANG_CXX_LANGUAGE_STANDARD = "gnu++20";
				CLANG_ENABLE_MODULES = YES;
				CLANG_ENABLE_OBJC_ARC = YES;
				CLANG_ENABLE_OBJC_WEAK = YES;
				CLANG_WARN_BLOCK_CAPTURE_AUTORELEASING = YES;
				CLANG_WARN_BOOL_CONVERSION = YES;
				CLANG_WARN_COMMA = YES;
				CLANG_WARN_CONSTANT_CONVERSION = YES;
				CLANG_WARN_DEPRECATED_OBJC_IMPLEMENTATIONS = YES;
				CLANG_WARN_DIRECT_OBJC_ISA_USAGE = YES_ERROR;
				CLANG_WARN_DOCUMENTATION_COMMENTS = YES;
				CLANG_WARN_EMPTY_BODY = YES;
				CLANG_WARN_ENUM_CONVERSION = YES;
				CLANG_WARN_INFINITE_RECURSION = YES;
				CLANG_WARN_INT_CONVERSION = YES;
				CLANG_WARN_NON_LITERAL_NULL_CONVERSION = YES;
				CLANG_WARN_OBJC_IMPLICIT_RETAIN_SELF = YES;
				CLANG_WARN_OBJC_LITERAL_CONVERSION = YES;
				CLANG_WARN_OBJC_ROOT_CLASS = YES_ERROR;
				CLANG_WARN_QUOTED_INCLUDE_IN_FRAMEWORK_HEADER = YES;
				CLANG_WARN_RANGE_LOOP_ANALYSIS = YES;
				CLANG_WARN_STRICT_PROTOTYPES = YES;
				CLANG_WARN_SUSPICIOUS_MOVE = YES;
				CLANG_WARN_UNGUARDED_AVAILABILITY = YES_AGGRESSIVE;
				CLANG_WARN_UNREACHABLE_CODE = YES;
				CLANG_WARN__DUPLICATE_METHOD_MATCH = YES;
				COPY_PHASE_STRIP = NO;
				DEBUG_INFORMATION_FORMAT = dwarf;
				ENABLE_STRICT_OBJC_MSGSEND = YES;
				ENABLE_TESTABILITY = YES;
				ENABLE_USER_SCRIPT_SANDBOXING = YES;
				GCC_C_LANGUAGE_STANDARD = gnu17;
				GCC_DYNAMIC_NO_PIC = NO;
				GCC_NO_COMMON_BLOCKS = YES;
				GCC_OPTIMIZATION_LEVEL = 0;
				GCC_PREPROCESSOR_DEFINITIONS = (
					"DEBUG=1",
					"$(inherited)",
				);
				GCC_WARN_64_TO_32_BIT_CONVERSION = YES;
				GCC_WARN_ABOUT_RETURN_TYPE = YES_ERROR;
				GCC_WARN_UNDECLARED_SELECTOR = YES;
				GCC_WARN_UNINITIALIZED_AUTOS = YES_AGGRESSIVE;
				GCC_WARN_UNUSED_FUNCTION = YES;
				GCC_WARN_UNUSED_VARIABLE = YES;
				IPHONEOS_DEPLOYMENT_TARGET = 17.2;
				LOCALIZATION_PREFERS_STRING_CATALOGS = YES;
				MTL_ENABLE_DEBUG_INFO = INCLUDE_SOURCE;
				MTL_FAST_MATH = YES;
				ONLY_ACTIVE_ARCH = YES;
				SDKROOT = iphoneos;
				SWIFT_ACTIVE_COMPILATION_CONDITIONS = "DEBUG $(inherited)";
				SWIFT_OPTIMIZATION_LEVEL = "-Onone";
			};
			name = Debug;
		};
		BD7E06802B8E33850088B107 /* Release */ = {
			isa = XCBuildConfiguration;
			buildSettings = {
				ALWAYS_SEARCH_USER_PATHS = NO;
				ASSETCATALOG_COMPILER_GENERATE_SWIFT_ASSET_SYMBOL_EXTENSIONS = YES;
				CLANG_ANALYZER_NONNULL = YES;
				CLANG_ANALYZER_NUMBER_OBJECT_CONVERSION = YES_AGGRESSIVE;
				CLANG_CXX_LANGUAGE_STANDARD = "gnu++20";
				CLANG_ENABLE_MODULES = YES;
				CLANG_ENABLE_OBJC_ARC = YES;
				CLANG_ENABLE_OBJC_WEAK = YES;
				CLANG_WARN_BLOCK_CAPTURE_AUTORELEASING = YES;
				CLANG_WARN_BOOL_CONVERSION = YES;
				CLANG_WARN_COMMA = YES;
				CLANG_WARN_CONSTANT_CONVERSION = YES;
				CLANG_WARN_DEPRECATED_OBJC_IMPLEMENTATIONS = YES;
				CLANG_WARN_DIRECT_OBJC_ISA_USAGE = YES_ERROR;
				CLANG_WARN_DOCUMENTATION_COMMENTS = YES;
				CLANG_WARN_EMPTY_BODY = YES;
				CLANG_WARN_ENUM_CONVERSION = YES;
				CLANG_WARN_INFINITE_RECURSION = YES;
				CLANG_WARN_INT_CONVERSION = YES;
				CLANG_WARN_NON_LITERAL_NULL_CONVERSION = YES;
				CLANG_WARN_OBJC_IMPLICIT_RETAIN_SELF = YES;
				CLANG_WARN_OBJC_LITERAL_CONVERSION = YES;
				CLANG_WARN_OBJC_ROOT_CLASS = YES_ERROR;
				CLANG_WARN_QUOTED_INCLUDE_IN_FRAMEWORK_HEADER = YES;
				CLANG_WARN_RANGE_LOOP_ANALYSIS = YES;
				CLANG_WARN_STRICT_PROTOTYPES = YES;
				CLANG_WARN_SUSPICIOUS_MOVE = YES;
				CLANG_WARN_UNGUARDED_AVAILABILITY = YES_AGGRESSIVE;
				CLANG_WARN_UNREACHABLE_CODE = YES;
				CLANG_WARN__DUPLICATE_METHOD_MATCH = YES;
				COPY_PHASE_STRIP = NO;
				DEBUG_INFORMATION_FORMAT = "dwarf-with-dsym";
				ENABLE_NS_ASSERTIONS = NO;
				ENABLE_STRICT_OBJC_MSGSEND = YES;
				ENABLE_USER_SCRIPT_SANDBOXING = YES;
				GCC_C_LANGUAGE_STANDARD = gnu17;
				GCC_NO_COMMON_BLOCKS = YES;
				GCC_WARN_64_TO_32_BIT_CONVERSION = YES;
				GCC_WARN_ABOUT_RETURN_TYPE = YES_ERROR;
				GCC_WARN_UNDECLARED_SELECTOR = YES;
				GCC_WARN_UNINITIALIZED_AUTOS = YES_AGGRESSIVE;
				GCC_WARN_UNUSED_FUNCTION = YES;
				GCC_WARN_UNUSED_VARIABLE = YES;
				IPHONEOS_DEPLOYMENT_TARGET = 17.2;
				LOCALIZATION_PREFERS_STRING_CATALOGS = YES;
				MTL_ENABLE_DEBUG_INFO = NO;
				MTL_FAST_MATH = YES;
				SDKROOT = iphoneos;
				SWIFT_COMPILATION_MODE = wholemodule;
				VALIDATE_PRODUCT = YES;
			};
			name = Release;
		};
		BD7E06822B8E33850088B107 /* Debug */ = {
			isa = XCBuildConfiguration;
			buildSettings = {
				ASSETCATALOG_COMPILER_APPICON_NAME = AppIcon;
				ASSETCATALOG_COMPILER_GLOBAL_ACCENT_COLOR_NAME = AccentColor;
				CODE_SIGN_STYLE = Automatic;
				CURRENT_PROJECT_VERSION = 1;
				DEVELOPMENT_ASSET_PATHS = "\"AnimeDatabase/Preview Content\"";
				DEVELOPMENT_TEAM = X47KHLA34N;
				ENABLE_PREVIEWS = YES;
				GENERATE_INFOPLIST_FILE = YES;
				INFOPLIST_FILE = AnimeDatabase/Info.plist;
				INFOPLIST_KEY_LSSupportsOpeningDocumentsInPlace = YES;
				INFOPLIST_KEY_UIApplicationSceneManifest_Generation = YES;
				INFOPLIST_KEY_UIApplicationSupportsIndirectInputEvents = YES;
				INFOPLIST_KEY_UILaunchScreen_Generation = YES;
				INFOPLIST_KEY_UILaunchStoryboardName = "Launch Screen.storyboard";
				INFOPLIST_KEY_UISupportedInterfaceOrientations_iPad = "UIInterfaceOrientationPortrait UIInterfaceOrientationPortraitUpsideDown UIInterfaceOrientationLandscapeLeft UIInterfaceOrientationLandscapeRight";
				INFOPLIST_KEY_UISupportedInterfaceOrientations_iPhone = "UIInterfaceOrientationPortrait UIInterfaceOrientationLandscapeLeft UIInterfaceOrientationLandscapeRight";
				LD_RUNPATH_SEARCH_PATHS = (
					"$(inherited)",
					"@executable_path/Frameworks",
				);
				MARKETING_VERSION = 1.0;
				PRODUCT_BUNDLE_IDENTIFIER = com.shimitsukoi.AnimeDatabase;
				PRODUCT_NAME = "$(TARGET_NAME)";
				SWIFT_EMIT_LOC_STRINGS = YES;
				SWIFT_VERSION = 5.0;
				TARGETED_DEVICE_FAMILY = "1,2";
			};
			name = Debug;
		};
		BD7E06832B8E33850088B107 /* Release */ = {
			isa = XCBuildConfiguration;
			buildSettings = {
				ASSETCATALOG_COMPILER_APPICON_NAME = AppIcon;
				ASSETCATALOG_COMPILER_GLOBAL_ACCENT_COLOR_NAME = AccentColor;
				CODE_SIGN_STYLE = Automatic;
				CURRENT_PROJECT_VERSION = 1;
				DEVELOPMENT_ASSET_PATHS = "\"AnimeDatabase/Preview Content\"";
				DEVELOPMENT_TEAM = X47KHLA34N;
				ENABLE_PREVIEWS = YES;
				GENERATE_INFOPLIST_FILE = YES;
				INFOPLIST_FILE = AnimeDatabase/Info.plist;
				INFOPLIST_KEY_LSSupportsOpeningDocumentsInPlace = YES;
				INFOPLIST_KEY_UIApplicationSceneManifest_Generation = YES;
				INFOPLIST_KEY_UIApplicationSupportsIndirectInputEvents = YES;
				INFOPLIST_KEY_UILaunchScreen_Generation = YES;
				INFOPLIST_KEY_UILaunchStoryboardName = "Launch Screen.storyboard";
				INFOPLIST_KEY_UISupportedInterfaceOrientations_iPad = "UIInterfaceOrientationPortrait UIInterfaceOrientationPortraitUpsideDown UIInterfaceOrientationLandscapeLeft UIInterfaceOrientationLandscapeRight";
				INFOPLIST_KEY_UISupportedInterfaceOrientations_iPhone = "UIInterfaceOrientationPortrait UIInterfaceOrientationLandscapeLeft UIInterfaceOrientationLandscapeRight";
				LD_RUNPATH_SEARCH_PATHS = (
					"$(inherited)",
					"@executable_path/Frameworks",
				);
				MARKETING_VERSION = 1.0;
				PRODUCT_BUNDLE_IDENTIFIER = com.shimitsukoi.AnimeDatabase;
				PRODUCT_NAME = "$(TARGET_NAME)";
				SWIFT_EMIT_LOC_STRINGS = YES;
				SWIFT_VERSION = 5.0;
				TARGETED_DEVICE_FAMILY = "1,2";
			};
			name = Release;
		};
/* End XCBuildConfiguration section */

/* Begin XCConfigurationList section */
		BD7E066E2B8E33810088B107 /* Build configuration list for PBXProject "AnimeDatabase" */ = {
			isa = XCConfigurationList;
			buildConfigurations = (
				BD7E067F2B8E33850088B107 /* Debug */,
				BD7E06802B8E33850088B107 /* Release */,
			);
			defaultConfigurationIsVisible = 0;
			defaultConfigurationName = Release;
		};
		BD7E06812B8E33850088B107 /* Build configuration list for PBXNativeTarget "AnimeDatabase" */ = {
			isa = XCConfigurationList;
			buildConfigurations = (
				BD7E06822B8E33850088B107 /* Debug */,
				BD7E06832B8E33850088B107 /* Release */,
			);
			defaultConfigurationIsVisible = 0;
			defaultConfigurationName = Release;
		};
/* End XCConfigurationList section */

/* Begin XCRemoteSwiftPackageReference section */
		BDF30BFD2B8FB1DE007919EB /* XCRemoteSwiftPackageReference "Zip" */ = {
			isa = XCRemoteSwiftPackageReference;
			repositoryURL = "https://github.com/marmelroy/Zip.git";
			requirement = {
				kind = upToNextMajorVersion;
				minimumVersion = 2.1.2;
			};
		};
/* End XCRemoteSwiftPackageReference section */

/* Begin XCSwiftPackageProductDependency section */
		BDF30BFE2B8FB1DE007919EB /* Zip */ = {
			isa = XCSwiftPackageProductDependency;
			package = BDF30BFD2B8FB1DE007919EB /* XCRemoteSwiftPackageReference "Zip" */;
			productName = Zip;
		};
/* End XCSwiftPackageProductDependency section */
	};
	rootObject = BD7E066B2B8E33810088B107 /* Project object */;
}
